
Microsoft Visual Studio Solution File, Format Version 12.00
# Visual Studio Version 17
VisualStudioVersion = 17.13.35913.81
MinimumVisualStudioVersion = 10.0.40219.1
Project("{FAE04EC0-301F-11D3-BF4B-00C04F79EFBC}") = "Cobro Matricula EPN", "Cobro Matricula EPN\Cobro Matricula EPN.csproj", "{580BAA97-B292-466C-8948-F5E704BB6C9D}"
EndProject
Project("{FAE04EC0-301F-11D3-BF4B-00C04F79EFBC}") = "Entity", "Entity\Entity.csproj", "{46B50C23-6899-4593-87F6-2717A5D21EFD}"
EndProject
Project("{FAE04EC0-301F-11D3-BF4B-00C04F79EFBC}") = "Utility", "Utility\Utility.csproj", "{CFFB7E59-EF70-4459-A0C4-42936B1F188A}"
EndProject
Project("{2150E333-8FDC-42A3-9474-1A3956D46DE8}") = "Test", "Test", "{02EA681E-C7D8-13C7-8484-4AC65E1B71E8}"
EndProject
Project("{FAE04EC0-301F-11D3-BF4B-00C04F79EFBC}") = "CobroMatriculaEPN.UnitTest", "CobroMatriculaEPN.UnitTest\CobroMatriculaEPN.UnitTest.csproj", "{FBD68CC9-AEE8-47E7-B79A-9D7D0DEB064D}"
EndProject
Project("{FAE04EC0-301F-11D3-BF4B-00C04F79EFBC}") = "CobroMatriculaEPN.IntegratedTest", "CobroMatriculaEPN.IntegratedTest\CobroMatriculaEPN.IntegratedTest.csproj", "{1C8E0FB1-A3C6-4F63-913C-D4A22831DCCE}"
EndProject
Project("{FAE04EC0-301F-11D3-BF4B-00C04F79EFBC}") = "CobroMatriculaEPN.SharedDatabaseSetup", "CobroMatriculaEPN.SharedDatabase\CobroMatriculaEPN.SharedDatabaseSetup.csproj", "{134A473B-A506-4B04-9EB2-5D1EC16DA48E}"
EndProject
Project("{FAE04EC0-301F-11D3-BF4B-00C04F79EFBC}") = "CobroMatriculaEPN.FunctionalTest", "CobroMatriculaEPN.FunctionalTest\CobroMatriculaEPN.FunctionalTest.csproj", "{F6042095-2DAC-463E-842F-B2757EE1F059}"
EndProject
Project("{2150E333-8FDC-42A3-9474-1A3956D46DE8}") = "Elementos de la solución", "Elementos de la solución", "{D107F4C8-89CC-BEA8-D3D7-CA6B7733353D}"
	ProjectSection(SolutionItems) = preProject
		Directory.Build.props = Directory.Build.props
	EndProjectSection
EndProject
Global
	GlobalSection(SolutionConfigurationPlatforms) = preSolution
		Debug|Any CPU = Debug|Any CPU
		Release|Any CPU = Release|Any CPU
	EndGlobalSection
	GlobalSection(ProjectConfigurationPlatforms) = postSolution
		{580BAA97-B292-466C-8948-F5E704BB6C9D}.Debug|Any CPU.ActiveCfg = Debug|Any CPU
		{580BAA97-B292-466C-8948-F5E704BB6C9D}.Debug|Any CPU.Build.0 = Debug|Any CPU
		{580BAA97-B292-466C-8948-F5E704BB6C9D}.Release|Any CPU.ActiveCfg = Release|Any CPU
		{580BAA97-B292-466C-8948-F5E704BB6C9D}.Release|Any CPU.Build.0 = Release|Any CPU
		{46B50C23-6899-4593-87F6-2717A5D21EFD}.Debug|Any CPU.ActiveCfg = Debug|Any CPU
		{46B50C23-6899-4593-87F6-2717A5D21EFD}.Debug|Any CPU.Build.0 = Debug|Any CPU
		{46B50C23-6899-4593-87F6-2717A5D21EFD}.Release|Any CPU.ActiveCfg = Release|Any CPU
		{46B50C23-6899-4593-87F6-2717A5D21EFD}.Release|Any CPU.Build.0 = Release|Any CPU
		{CFFB7E59-EF70-4459-A0C4-42936B1F188A}.Debug|Any CPU.ActiveCfg = Debug|Any CPU
		{CFFB7E59-EF70-4459-A0C4-42936B1F188A}.Debug|Any CPU.Build.0 = Debug|Any CPU
		{CFFB7E59-EF70-4459-A0C4-42936B1F188A}.Release|Any CPU.ActiveCfg = Release|Any CPU
		{CFFB7E59-EF70-4459-A0C4-42936B1F188A}.Release|Any CPU.Build.0 = Release|Any CPU
		{FBD68CC9-AEE8-47E7-B79A-9D7D0DEB064D}.Debug|Any CPU.ActiveCfg = Debug|Any CPU
		{FBD68CC9-AEE8-47E7-B79A-9D7D0DEB064D}.Debug|Any CPU.Build.0 = Debug|Any CPU
		{FBD68CC9-AEE8-47E7-B79A-9D7D0DEB064D}.Release|Any CPU.ActiveCfg = Release|Any CPU
		{FBD68CC9-AEE8-47E7-B79A-9D7D0DEB064D}.Release|Any CPU.Build.0 = Release|Any CPU
		{1C8E0FB1-A3C6-4F63-913C-D4A22831DCCE}.Debug|Any CPU.ActiveCfg = Debug|Any CPU
		{1C8E0FB1-A3C6-4F63-913C-D4A22831DCCE}.Debug|Any CPU.Build.0 = Debug|Any CPU
		{1C8E0FB1-A3C6-4F63-913C-D4A22831DCCE}.Release|Any CPU.ActiveCfg = Release|Any CPU
		{1C8E0FB1-A3C6-4F63-913C-D4A22831DCCE}.Release|Any CPU.Build.0 = Release|Any CPU
		{134A473B-A506-4B04-9EB2-5D1EC16DA48E}.Debug|Any CPU.ActiveCfg = Debug|Any CPU
		{134A473B-A506-4B04-9EB2-5D1EC16DA48E}.Debug|Any CPU.Build.0 = Debug|Any CPU
		{134A473B-A506-4B04-9EB2-5D1EC16DA48E}.Release|Any CPU.ActiveCfg = Release|Any CPU
		{134A473B-A506-4B04-9EB2-5D1EC16DA48E}.Release|Any CPU.Build.0 = Release|Any CPU
		{F6042095-2DAC-463E-842F-B2757EE1F059}.Debug|Any CPU.ActiveCfg = Debug|Any CPU
		{F6042095-2DAC-463E-842F-B2757EE1F059}.Debug|Any CPU.Build.0 = Debug|Any CPU
		{F6042095-2DAC-463E-842F-B2757EE1F059}.Release|Any CPU.ActiveCfg = Release|Any CPU
		{F6042095-2DAC-463E-842F-B2757EE1F059}.Release|Any CPU.Build.0 = Release|Any CPU
	EndGlobalSection
	GlobalSection(SolutionProperties) = preSolution
		HideSolutionNode = FALSE
	EndGlobalSection
	GlobalSection(NestedProjects) = preSolution
		{FBD68CC9-AEE8-47E7-B79A-9D7D0DEB064D} = {02EA681E-C7D8-13C7-8484-4AC65E1B71E8}
		{1C8E0FB1-A3C6-4F63-913C-D4A22831DCCE} = {02EA681E-C7D8-13C7-8484-4AC65E1B71E8}
		{134A473B-A506-4B04-9EB2-5D1EC16DA48E} = {02EA681E-C7D8-13C7-8484-4AC65E1B71E8}
		{F6042095-2DAC-463E-842F-B2757EE1F059} = {02EA681E-C7D8-13C7-8484-4AC65E1B71E8}
	EndGlobalSection
	GlobalSection(ExtensibilityGlobals) = postSolution
		SolutionGuid = {96B75DFC-77EF-4CCE-9611-1ADCC792B04B}
	EndGlobalSection
EndGlobal
